
Microsoft Visual Studio Solution File, Format Version 12.00
# Visual Studio Version 17
VisualStudioVersion = 17.3.32825.248
MinimumVisualStudioVersion = 10.0.40219.1
Project("{FAE04EC0-301F-11D3-BF4B-00C04F79EFBC}") = "Zad 1 Randarevich", "Zad 1 Randarevich\Zad 1 Randarevich.csproj", "{5ED1D4D6-4867-4496-9E86-6E827C0BB70E}"
EndProject
Project("{FAE04EC0-301F-11D3-BF4B-00C04F79EFBC}") = "Zad 2 Randarevich", "Zad 2 Randarevich\Zad 2 Randarevich.csproj", "{E1A09491-8BAB-45C5-90B4-BB169373307D}"
EndProject
Project("{FAE04EC0-301F-11D3-BF4B-00C04F79EFBC}") = "Zad 3 Randarevich", "Zad 3 Randarevich\Zad 3 Randarevich.csproj", "{BEB2AF9B-D3E4-4466-867A-0CF769855C34}"
EndProject
Project("{FAE04EC0-301F-11D3-BF4B-00C04F79EFBC}") = "Zad 4 Randarevich", "Zad 4 Randarevich\Zad 4 Randarevich.csproj", "{BB0043CB-107D-49C1-AB75-8EBAAB9D7A92}"
EndProject
Project("{FAE04EC0-301F-11D3-BF4B-00C04F79EFBC}") = "Zad 5 Randarevich", "Zad 5 Randarevich\Zad 5 Randarevich.csproj", "{A1C53C97-37F7-4774-A56A-CA95973D9F91}"
EndProject
Global
	GlobalSection(SolutionConfigurationPlatforms) = preSolution
		Debug|Any CPU = Debug|Any CPU
		Release|Any CPU = Release|Any CPU
	EndGlobalSection
	GlobalSection(ProjectConfigurationPlatforms) = postSolution
		{5ED1D4D6-4867-4496-9E86-6E827C0BB70E}.Debug|Any CPU.ActiveCfg = Debug|Any CPU
		{5ED1D4D6-4867-4496-9E86-6E827C0BB70E}.Debug|Any CPU.Build.0 = Debug|Any CPU
		{5ED1D4D6-4867-4496-9E86-6E827C0BB70E}.Release|Any CPU.ActiveCfg = Release|Any CPU
		{5ED1D4D6-4867-4496-9E86-6E827C0BB70E}.Release|Any CPU.Build.0 = Release|Any CPU
		{E1A09491-8BAB-45C5-90B4-BB169373307D}.Debug|Any CPU.ActiveCfg = Debug|Any CPU
		{E1A09491-8BAB-45C5-90B4-BB169373307D}.Debug|Any CPU.Build.0 = Debug|Any CPU
		{E1A09491-8BAB-45C5-90B4-BB169373307D}.Release|Any CPU.ActiveCfg = Release|Any CPU
		{E1A09491-8BAB-45C5-90B4-BB169373307D}.Release|Any CPU.Build.0 = Release|Any CPU
		{BEB2AF9B-D3E4-4466-867A-0CF769855C34}.Debug|Any CPU.ActiveCfg = Debug|Any CPU
		{BEB2AF9B-D3E4-4466-867A-0CF769855C34}.Debug|Any CPU.Build.0 = Debug|Any CPU
		{BEB2AF9B-D3E4-4466-867A-0CF769855C34}.Release|Any CPU.ActiveCfg = Release|Any CPU
		{BEB2AF9B-D3E4-4466-867A-0CF769855C34}.Release|Any CPU.Build.0 = Release|Any CPU
		{BB0043CB-107D-49C1-AB75-8EBAAB9D7A92}.Debug|Any CPU.ActiveCfg = Debug|Any CPU
		{BB0043CB-107D-49C1-AB75-8EBAAB9D7A92}.Debug|Any CPU.Build.0 = Debug|Any CPU
		{BB0043CB-107D-49C1-AB75-8EBAAB9D7A92}.Release|Any CPU.ActiveCfg = Release|Any CPU
		{BB0043CB-107D-49C1-AB75-8EBAAB9D7A92}.Release|Any CPU.Build.0 = Release|Any CPU
		{A1C53C97-37F7-4774-A56A-CA95973D9F91}.Debug|Any CPU.ActiveCfg = Debug|Any CPU
		{A1C53C97-37F7-4774-A56A-CA95973D9F91}.Debug|Any CPU.Build.0 = Debug|Any CPU
		{A1C53C97-37F7-4774-A56A-CA95973D9F91}.Release|Any CPU.ActiveCfg = Release|Any CPU
		{A1C53C97-37F7-4774-A56A-CA95973D9F91}.Release|Any CPU.Build.0 = Release|Any CPU
	EndGlobalSection
	GlobalSection(SolutionProperties) = preSolution
		HideSolutionNode = FALSE
	EndGlobalSection
	GlobalSection(ExtensibilityGlobals) = postSolution
		SolutionGuid = {8FF99002-043C-48AC-8AB5-33E8190BC732}
	EndGlobalSection
EndGlobal
